
Microsoft Visual Studio Solution File, Format Version 12.00
# Visual Studio Version 16
VisualStudioVersion = 16.0.808.4
MinimumVisualStudioVersion = 10.0.40219.1
Project("{FAE04EC0-301F-11D3-BF4B-00C04F79EFBC}") = "SentimentAnalysis", "SentimentAnalysis.csproj", "{FA4F0BE1-FE11-446A-8A79-957B891079D5}"
EndProject
Global
	GlobalSection(SolutionConfigurationPlatforms) = preSolution
		Debug|Any CPU = Debug|Any CPU
		Release|Any CPU = Release|Any CPU
	EndGlobalSection
	GlobalSection(ProjectConfigurationPlatforms) = postSolution
		{FA4F0BE1-FE11-446A-8A79-957B891079D5}.Debug|Any CPU.ActiveCfg = Debug|Any CPU
		{FA4F0BE1-FE11-446A-8A79-957B891079D5}.Debug|Any CPU.Build.0 = Debug|Any CPU
		{FA4F0BE1-FE11-446A-8A79-957B891079D5}.Release|Any CPU.ActiveCfg = Release|Any CPU
		{FA4F0BE1-FE11-446A-8A79-957B891079D5}.Release|Any CPU.Build.0 = Release|Any CPU
	EndGlobalSection
	GlobalSection(SolutionProperties) = preSolution
		HideSolutionNode = FALSE
	EndGlobalSection
	GlobalSection(ExtensibilityGlobals) = postSolution
		SolutionGuid = {6AE9A918-C8D8-4D34-AD8B-9E9303523614}
	EndGlobalSection
EndGlobal
